
Microsoft Visual Studio Solution File, Format Version 12.00
# Visual Studio Version 16
VisualStudioVersion = 16.0.31624.102
MinimumVisualStudioVersion = 10.0.40219.1
Project("{9A19103F-16F7-4668-BE54-9A1E7A4F7556}") = "AWSWorks", "AWSWorks\AWSWorks.csproj", "{EAB04151-1F02-40EE-9DD3-24E33F4AEBEA}"
EndProject
Project("{9A19103F-16F7-4668-BE54-9A1E7A4F7556}") = "DbWorker", "DbWorker\DbWorker.csproj", "{8D5721FB-1D99-4EAF-8D51-AAF7B96A1A10}"
EndProject
Project("{9A19103F-16F7-4668-BE54-9A1E7A4F7556}") = "StatusWatcher", "StatusWatcher\StatusWatcher.csproj", "{3B0EA66B-3BA6-45E5-8BBC-5880D8C98AD9}"
EndProject
Global
	GlobalSection(SolutionConfigurationPlatforms) = preSolution
		Debug|Any CPU = Debug|Any CPU
		Release|Any CPU = Release|Any CPU
	EndGlobalSection
	GlobalSection(ProjectConfigurationPlatforms) = postSolution
		{EAB04151-1F02-40EE-9DD3-24E33F4AEBEA}.Debug|Any CPU.ActiveCfg = Debug|Any CPU
		{EAB04151-1F02-40EE-9DD3-24E33F4AEBEA}.Debug|Any CPU.Build.0 = Debug|Any CPU
		{EAB04151-1F02-40EE-9DD3-24E33F4AEBEA}.Release|Any CPU.ActiveCfg = Release|Any CPU
		{EAB04151-1F02-40EE-9DD3-24E33F4AEBEA}.Release|Any CPU.Build.0 = Release|Any CPU
		{8D5721FB-1D99-4EAF-8D51-AAF7B96A1A10}.Debug|Any CPU.ActiveCfg = Debug|Any CPU
		{8D5721FB-1D99-4EAF-8D51-AAF7B96A1A10}.Debug|Any CPU.Build.0 = Debug|Any CPU
		{8D5721FB-1D99-4EAF-8D51-AAF7B96A1A10}.Release|Any CPU.ActiveCfg = Release|Any CPU
		{8D5721FB-1D99-4EAF-8D51-AAF7B96A1A10}.Release|Any CPU.Build.0 = Release|Any CPU
		{3B0EA66B-3BA6-45E5-8BBC-5880D8C98AD9}.Debug|Any CPU.ActiveCfg = Debug|Any CPU
		{3B0EA66B-3BA6-45E5-8BBC-5880D8C98AD9}.Debug|Any CPU.Build.0 = Debug|Any CPU
		{3B0EA66B-3BA6-45E5-8BBC-5880D8C98AD9}.Release|Any CPU.ActiveCfg = Release|Any CPU
		{3B0EA66B-3BA6-45E5-8BBC-5880D8C98AD9}.Release|Any CPU.Build.0 = Release|Any CPU
	EndGlobalSection
	GlobalSection(SolutionProperties) = preSolution
		HideSolutionNode = FALSE
	EndGlobalSection
	GlobalSection(ExtensibilityGlobals) = postSolution
		SolutionGuid = {20C13DEF-0BCE-4BDA-BBAF-5603AACC56A7}
	EndGlobalSection
EndGlobal
